
Microsoft Visual Studio Solution File, Format Version 12.00
# Visual Studio Version 17
VisualStudioVersion = 17.3.32922.545
MinimumVisualStudioVersion = 10.0.40219.1
Project("{FAE04EC0-301F-11D3-BF4B-00C04F79EFBC}") = "Variables", "TiposDeDatos\Variables.csproj", "{0046EC0C-079C-43DA-93C7-6954FD9AABA3}"
EndProject
Project("{9A19103F-16F7-4668-BE54-9A1E7A4F7556}") = "HelloWorld", "..\HelloWorld\HelloWorld\HelloWorld.csproj", "{27A79C37-9EB2-4834-826F-1133A2180F2C}"
EndProject
Project("{FAE04EC0-301F-11D3-BF4B-00C04F79EFBC}") = "User input", "User input\User input.csproj", "{861DDF25-AD68-4093-8BE3-EF117F8E8BC1}"
EndProject
Project("{FAE04EC0-301F-11D3-BF4B-00C04F79EFBC}") = "String y Boolean", "String y Boolean\String y Boolean.csproj", "{735CD475-1A52-429A-93E2-E5D326EDBD8A}"
EndProject
Project("{FAE04EC0-301F-11D3-BF4B-00C04F79EFBC}") = "Lops y Condicionales", "Lops y Condicionales\Lops y Condicionales.csproj", "{745BB402-08F6-4EB3-AE03-478B6694A684}"
EndProject
Global
	GlobalSection(SolutionConfigurationPlatforms) = preSolution
		Debug|Any CPU = Debug|Any CPU
		Release|Any CPU = Release|Any CPU
	EndGlobalSection
	GlobalSection(ProjectConfigurationPlatforms) = postSolution
		{0046EC0C-079C-43DA-93C7-6954FD9AABA3}.Debug|Any CPU.ActiveCfg = Debug|Any CPU
		{0046EC0C-079C-43DA-93C7-6954FD9AABA3}.Debug|Any CPU.Build.0 = Debug|Any CPU
		{0046EC0C-079C-43DA-93C7-6954FD9AABA3}.Release|Any CPU.ActiveCfg = Release|Any CPU
		{0046EC0C-079C-43DA-93C7-6954FD9AABA3}.Release|Any CPU.Build.0 = Release|Any CPU
		{27A79C37-9EB2-4834-826F-1133A2180F2C}.Debug|Any CPU.ActiveCfg = Debug|Any CPU
		{27A79C37-9EB2-4834-826F-1133A2180F2C}.Debug|Any CPU.Build.0 = Debug|Any CPU
		{27A79C37-9EB2-4834-826F-1133A2180F2C}.Release|Any CPU.ActiveCfg = Release|Any CPU
		{27A79C37-9EB2-4834-826F-1133A2180F2C}.Release|Any CPU.Build.0 = Release|Any CPU
		{861DDF25-AD68-4093-8BE3-EF117F8E8BC1}.Debug|Any CPU.ActiveCfg = Debug|Any CPU
		{861DDF25-AD68-4093-8BE3-EF117F8E8BC1}.Debug|Any CPU.Build.0 = Debug|Any CPU
		{861DDF25-AD68-4093-8BE3-EF117F8E8BC1}.Release|Any CPU.ActiveCfg = Release|Any CPU
		{861DDF25-AD68-4093-8BE3-EF117F8E8BC1}.Release|Any CPU.Build.0 = Release|Any CPU
		{735CD475-1A52-429A-93E2-E5D326EDBD8A}.Debug|Any CPU.ActiveCfg = Debug|Any CPU
		{735CD475-1A52-429A-93E2-E5D326EDBD8A}.Debug|Any CPU.Build.0 = Debug|Any CPU
		{735CD475-1A52-429A-93E2-E5D326EDBD8A}.Release|Any CPU.ActiveCfg = Release|Any CPU
		{735CD475-1A52-429A-93E2-E5D326EDBD8A}.Release|Any CPU.Build.0 = Release|Any CPU
		{745BB402-08F6-4EB3-AE03-478B6694A684}.Debug|Any CPU.ActiveCfg = Debug|Any CPU
		{745BB402-08F6-4EB3-AE03-478B6694A684}.Debug|Any CPU.Build.0 = Debug|Any CPU
		{745BB402-08F6-4EB3-AE03-478B6694A684}.Release|Any CPU.ActiveCfg = Release|Any CPU
		{745BB402-08F6-4EB3-AE03-478B6694A684}.Release|Any CPU.Build.0 = Release|Any CPU
	EndGlobalSection
	GlobalSection(SolutionProperties) = preSolution
		HideSolutionNode = FALSE
	EndGlobalSection
	GlobalSection(ExtensibilityGlobals) = postSolution
		SolutionGuid = {18A721AB-C672-4F9F-88FE-E4789F1094DA}
	EndGlobalSection
EndGlobal
